
Microsoft Visual Studio Solution File, Format Version 12.00
# Visual Studio Version 18
VisualStudioVersion = 18.2.11415.280
MinimumVisualStudioVersion = 10.0.40219.1
Project("{FAE04EC0-301F-11D3-BF4B-00C04F79EFBC}") = "DotSee.ResponsiveImages", "src\DotSee.ResponsiveImages\DotSee.ResponsiveImages.csproj", "{223C43D2-69CD-DDCE-6AE1-45A273572662}"
EndProject
Project("{FAE04EC0-301F-11D3-BF4B-00C04F79EFBC}") = "TestWebsite", "src\TestWebsite\TestWebsite.csproj", "{013347B8-32D4-7AD4-CE5D-35811488B3BA}"
EndProject
Global
	GlobalSection(SolutionConfigurationPlatforms) = preSolution
		Debug|Any CPU = Debug|Any CPU
		Release|Any CPU = Release|Any CPU
	EndGlobalSection
	GlobalSection(ProjectConfigurationPlatforms) = postSolution
		{223C43D2-69CD-DDCE-6AE1-45A273572662}.Debug|Any CPU.ActiveCfg = Debug|Any CPU
		{223C43D2-69CD-DDCE-6AE1-45A273572662}.Debug|Any CPU.Build.0 = Debug|Any CPU
		{223C43D2-69CD-DDCE-6AE1-45A273572662}.Release|Any CPU.ActiveCfg = Release|Any CPU
		{223C43D2-69CD-DDCE-6AE1-45A273572662}.Release|Any CPU.Build.0 = Release|Any CPU
		{013347B8-32D4-7AD4-CE5D-35811488B3BA}.Debug|Any CPU.ActiveCfg = Debug|Any CPU
		{013347B8-32D4-7AD4-CE5D-35811488B3BA}.Debug|Any CPU.Build.0 = Debug|Any CPU
		{013347B8-32D4-7AD4-CE5D-35811488B3BA}.Release|Any CPU.ActiveCfg = Release|Any CPU
		{013347B8-32D4-7AD4-CE5D-35811488B3BA}.Release|Any CPU.Build.0 = Release|Any CPU
	EndGlobalSection
	GlobalSection(SolutionProperties) = preSolution
		HideSolutionNode = FALSE
	EndGlobalSection
	GlobalSection(ExtensibilityGlobals) = postSolution
		SolutionGuid = {F5C5D093-3467-4F62-B895-4BAB32EF140E}
	EndGlobalSection
EndGlobal
